
Microsoft Visual Studio Solution File, Format Version 12.00
Project("{FAE04EC0-301F-11D3-BF4B-00C04F79EFBC}") = "KafkaDemo", "KafkaDemo\KafkaDemo.csproj", "{0740DEE4-7C2E-4A49-A3F7-50028A3C9FAA}"
EndProject
Global
	GlobalSection(SolutionConfigurationPlatforms) = preSolution
		Debug|Any CPU = Debug|Any CPU
		Release|Any CPU = Release|Any CPU
	EndGlobalSection
	GlobalSection(ProjectConfigurationPlatforms) = postSolution
		{0740DEE4-7C2E-4A49-A3F7-50028A3C9FAA}.Debug|Any CPU.ActiveCfg = Debug|Any CPU
		{0740DEE4-7C2E-4A49-A3F7-50028A3C9FAA}.Debug|Any CPU.Build.0 = Debug|Any CPU
		{0740DEE4-7C2E-4A49-A3F7-50028A3C9FAA}.Release|Any CPU.ActiveCfg = Release|Any CPU
		{0740DEE4-7C2E-4A49-A3F7-50028A3C9FAA}.Release|Any CPU.Build.0 = Release|Any CPU
	EndGlobalSection
EndGlobal
